
Microsoft Visual Studio Solution File, Format Version 12.00
# Visual Studio Version 17
VisualStudioVersion = 17.5.002.0
MinimumVisualStudioVersion = 10.0.40219.1
Project("{9A19103F-16F7-4668-BE54-9A1E7A4F7556}") = "BlogApp", "BlogApp.csproj", "{97D28361-6EE2-42F6-A124-8F64EE7E61BD}"
EndProject
Global
	GlobalSection(SolutionConfigurationPlatforms) = preSolution
		Debug|Any CPU = Debug|Any CPU
		Release|Any CPU = Release|Any CPU
	EndGlobalSection
	GlobalSection(ProjectConfigurationPlatforms) = postSolution
		{97D28361-6EE2-42F6-A124-8F64EE7E61BD}.Debug|Any CPU.ActiveCfg = Debug|Any CPU
		{97D28361-6EE2-42F6-A124-8F64EE7E61BD}.Debug|Any CPU.Build.0 = Debug|Any CPU
		{97D28361-6EE2-42F6-A124-8F64EE7E61BD}.Release|Any CPU.ActiveCfg = Release|Any CPU
		{97D28361-6EE2-42F6-A124-8F64EE7E61BD}.Release|Any CPU.Build.0 = Release|Any CPU
	EndGlobalSection
	GlobalSection(SolutionProperties) = preSolution
		HideSolutionNode = FALSE
	EndGlobalSection
	GlobalSection(ExtensibilityGlobals) = postSolution
		SolutionGuid = {9C6B3F4E-6879-4F17-AFED-43C69680F5D9}
	EndGlobalSection
EndGlobal
